PODS:
  - AWSCore (2.5.2)
  - AWSIoT (2.5.2):
    - AWSCore (= 2.5.2)

DEPENDENCIES:
  - AWSIoT (~> 2.5.0)

SPEC CHECKSUMS:
  AWSCore: b2fe455c2c7d6653521238c5b0b0ddb67ec4f063
  AWSIoT: 282cd15afffb9c3a5767efa36f8d330635f0802c

PODFILE CHECKSUM: 4f01bc3511018f1c5be7fd8d563aeb4dd521454a

COCOAPODS: 1.2.0
